
Microsoft Visual Studio Solution File, Format Version 12.00
# Visual Studio Version 17
VisualStudioVersion = 17.0.31903.59
MinimumVisualStudioVersion = 10.0.40219.1
Project("{FAE04EC0-301F-11D3-BF4B-00C04F79EFBC}") = "Inkspire.Api", "Inkspire.Api\Inkspire.Api.csproj", "{17C2BED3-B8DB-4C82-88F0-1150877C71A2}"
EndProject
Project("{FAE04EC0-301F-11D3-BF4B-00C04F79EFBC}") = "Inkspire.Core", "Inkspire.Core\Inkspire.Core.csproj", "{B637EDDC-5A37-4AE3-9E1A-38D7BEEF0C23}"
EndProject
Project("{FAE04EC0-301F-11D3-BF4B-00C04F79EFBC}") = "Inkspire.Infrastructure", "Inkspire.Infrastructure\Inkspire.Infrastructure.csproj", "{96D6BF3A-9AF7-4769-99E8-0443C5597C18}"
EndProject
Global
	GlobalSection(SolutionConfigurationPlatforms) = preSolution
		Debug|Any CPU = Debug|Any CPU
		Release|Any CPU = Release|Any CPU
	EndGlobalSection
	GlobalSection(SolutionProperties) = preSolution
		HideSolutionNode = FALSE
	EndGlobalSection
	GlobalSection(ProjectConfigurationPlatforms) = postSolution
		{17C2BED3-B8DB-4C82-88F0-1150877C71A2}.Debug|Any CPU.ActiveCfg = Debug|Any CPU
		{17C2BED3-B8DB-4C82-88F0-1150877C71A2}.Debug|Any CPU.Build.0 = Debug|Any CPU
		{17C2BED3-B8DB-4C82-88F0-1150877C71A2}.Release|Any CPU.ActiveCfg = Release|Any CPU
		{17C2BED3-B8DB-4C82-88F0-1150877C71A2}.Release|Any CPU.Build.0 = Release|Any CPU
		{B637EDDC-5A37-4AE3-9E1A-38D7BEEF0C23}.Debug|Any CPU.ActiveCfg = Debug|Any CPU
		{B637EDDC-5A37-4AE3-9E1A-38D7BEEF0C23}.Debug|Any CPU.Build.0 = Debug|Any CPU
		{B637EDDC-5A37-4AE3-9E1A-38D7BEEF0C23}.Release|Any CPU.ActiveCfg = Release|Any CPU
		{B637EDDC-5A37-4AE3-9E1A-38D7BEEF0C23}.Release|Any CPU.Build.0 = Release|Any CPU
		{96D6BF3A-9AF7-4769-99E8-0443C5597C18}.Debug|Any CPU.ActiveCfg = Debug|Any CPU
		{96D6BF3A-9AF7-4769-99E8-0443C5597C18}.Debug|Any CPU.Build.0 = Debug|Any CPU
		{96D6BF3A-9AF7-4769-99E8-0443C5597C18}.Release|Any CPU.ActiveCfg = Release|Any CPU
		{96D6BF3A-9AF7-4769-99E8-0443C5597C18}.Release|Any CPU.Build.0 = Release|Any CPU
	EndGlobalSection
EndGlobal
